
Microsoft Visual Studio Solution File, Format Version 12.00
# Visual Studio Version 16
VisualStudioVersion = 16.0.31515.178
MinimumVisualStudioVersion = 10.0.40219.1
Project("{9A19103F-16F7-4668-BE54-9A1E7A4F7556}") = "Line_Comparision_Oops", "LineComparision\Line_Comparision_Oops.csproj", "{FABCF1BE-57C8-453B-B901-0E99CD8263CB}"
EndProject
Global
	GlobalSection(SolutionConfigurationPlatforms) = preSolution
		Debug|Any CPU = Debug|Any CPU
		Release|Any CPU = Release|Any CPU
	EndGlobalSection
	GlobalSection(ProjectConfigurationPlatforms) = postSolution
		{FABCF1BE-57C8-453B-B901-0E99CD8263CB}.Debug|Any CPU.ActiveCfg = Debug|Any CPU
		{FABCF1BE-57C8-453B-B901-0E99CD8263CB}.Debug|Any CPU.Build.0 = Debug|Any CPU
		{FABCF1BE-57C8-453B-B901-0E99CD8263CB}.Release|Any CPU.ActiveCfg = Release|Any CPU
		{FABCF1BE-57C8-453B-B901-0E99CD8263CB}.Release|Any CPU.Build.0 = Release|Any CPU
	EndGlobalSection
	GlobalSection(SolutionProperties) = preSolution
		HideSolutionNode = FALSE
	EndGlobalSection
	GlobalSection(ExtensibilityGlobals) = postSolution
		SolutionGuid = {C5D03E0E-15FE-4413-89F0-FE6CCD1D793D}
	EndGlobalSection
EndGlobal
